// !$*UTF8*$!
{
	archiveVersion = 1;
	classes = {
	};
	objectVersion = 56;
	objects = {

/* Begin PBXBuildFile section */
		A118F1382949710A00FF5C11 /* FirebaseAuth in Frameworks */ = {isa = PBXBuildFile; productRef = A118F1372949710A00FF5C11 /* FirebaseAuth */; };
		A118F13B2949728400FF5C11 /* GoogleSignIn in Frameworks */ = {isa = PBXBuildFile; productRef = A118F13A2949728400FF5C11 /* GoogleSignIn */; };
		A118F13D2949728400FF5C11 /* GoogleSignInSwift in Frameworks */ = {isa = PBXBuildFile; productRef = A118F13C2949728400FF5C11 /* GoogleSignInSwift */; };
		A11B85C92947BE2D00EA4225 /* AuthStore.swift in Sources */ = {isa = PBXBuildFile; fileRef = A11B85C82947BE2D00EA4225 /* AuthStore.swift */; };
		A11B85CC2947C1CC00EA4225 /* UserProfile.swift in Sources */ = {isa = PBXBuildFile; fileRef = A11B85CB2947C1CC00EA4225 /* UserProfile.swift */; };
		A11B85CF2947C58F00EA4225 /* LoginViewViewModel.swift in Sources */ = {isa = PBXBuildFile; fileRef = A11B85CE2947C58F00EA4225 /* LoginViewViewModel.swift */; };
		A122824C293C3DA600F71513 /* MoodyApp.swift in Sources */ = {isa = PBXBuildFile; fileRef = A122824B293C3DA600F71513 /* MoodyApp.swift */; };
		A1228250293C3DA700F71513 /* Assets.xcassets in Resources */ = {isa = PBXBuildFile; fileRef = A122824F293C3DA700F71513 /* Assets.xcassets */; };
		A1228253293C3DA700F71513 /* Preview Assets.xcassets in Resources */ = {isa = PBXBuildFile; fileRef = A1228252293C3DA700F71513 /* Preview Assets.xcassets */; };
		A14FEBAB294ACE2D001FE5C1 /* GoogleService-Info.plist in Resources */ = {isa = PBXBuildFile; fileRef = A14FEBAA294ACE2C001FE5C1 /* GoogleService-Info.plist */; };
		A14FEBB0294AD34C001FE5C1 /* AuthCryptoService.swift in Sources */ = {isa = PBXBuildFile; fileRef = A14FEBAF294AD34C001FE5C1 /* AuthCryptoService.swift */; };
		A156077229425BBF006CE0AA /* CustomInput.swift in Sources */ = {isa = PBXBuildFile; fileRef = A156077129425BBF006CE0AA /* CustomInput.swift */; };
		A159EA1D29A08864005D6A59 /* Routes.swift in Sources */ = {isa = PBXBuildFile; fileRef = A159EA1C29A08864005D6A59 /* Routes.swift */; };
		A159EA2029A08A55005D6A59 /* Router.swift in Sources */ = {isa = PBXBuildFile; fileRef = A159EA1F29A08A55005D6A59 /* Router.swift */; };
		A1654BFA2944E8180074F349 /* CustomButton.swift in Sources */ = {isa = PBXBuildFile; fileRef = A1654BF92944E8180074F349 /* CustomButton.swift */; };
		A16B06C429500BA100958A95 /* SignupView.swift in Sources */ = {isa = PBXBuildFile; fileRef = A16B06C329500BA100958A95 /* SignupView.swift */; };
		A16B06C629500C0A00958A95 /* SignupViewViewModel.swift in Sources */ = {isa = PBXBuildFile; fileRef = A16B06C529500C0A00958A95 /* SignupViewViewModel.swift */; };
		A1C062D0294E503B008530B2 /* Splashscreen.swift in Sources */ = {isa = PBXBuildFile; fileRef = A1C062CF294E503B008530B2 /* Splashscreen.swift */; };
		A1D368022940D42100403D0C /* HomeView.swift in Sources */ = {isa = PBXBuildFile; fileRef = A1D368012940D42100403D0C /* HomeView.swift */; };
		A1D368042940D42F00403D0C /* LoginView.swift in Sources */ = {isa = PBXBuildFile; fileRef = A1D368032940D42F00403D0C /* LoginView.swift */; };
		A1D368062940D7A100403D0C /* LaunchScreen.storyboard in Resources */ = {isa = PBXBuildFile; fileRef = A1D368052940D7A100403D0C /* LaunchScreen.storyboard */; };
		A1D3680C2940E6B300403D0C /* Color.swift in Sources */ = {isa = PBXBuildFile; fileRef = A1D3680B2940E6B300403D0C /* Color.swift */; };
		A1D3680E2940E6F700403D0C /* ContentView.swift in Sources */ = {isa = PBXBuildFile; fileRef = A1D3680D2940E6F700403D0C /* ContentView.swift */; };
		A1EE2CC5294950F0009C0E78 /* Header.swift in Sources */ = {isa = PBXBuildFile; fileRef = A1EE2CC4294950F0009C0E78 /* Header.swift */; };
/* End PBXBuildFile section */

/* Begin PBXFileReference section */
		A11B85C82947BE2D00EA4225 /* AuthStore.swift */ = {isa = PBXFileReference; lastKnownFileType = sourcecode.swift; path = AuthStore.swift; sourceTree = "<group>"; };
		A11B85CB2947C1CC00EA4225 /* UserProfile.swift */ = {isa = PBXFileReference; lastKnownFileType = sourcecode.swift; path = UserProfile.swift; sourceTree = "<group>"; };
		A11B85CE2947C58F00EA4225 /* LoginViewViewModel.swift */ = {isa = PBXFileReference; lastKnownFileType = sourcecode.swift; path = LoginViewViewModel.swift; sourceTree = "<group>"; };
		A1228248293C3DA600F71513 /* Moody.app */ = {isa = PBXFileReference; explicitFileType = wrapper.application; includeInIndex = 0; path = Moody.app; sourceTree = BUILT_PRODUCTS_DIR; };
		A122824B293C3DA600F71513 /* MoodyApp.swift */ = {isa = PBXFileReference; lastKnownFileType = sourcecode.swift; path = MoodyApp.swift; sourceTree = "<group>"; };
		A122824F293C3DA700F71513 /* Assets.xcassets */ = {isa = PBXFileReference; lastKnownFileType = folder.assetcatalog; path = Assets.xcassets; sourceTree = "<group>"; };
		A1228252293C3DA700F71513 /* Preview Assets.xcassets */ = {isa = PBXFileReference; lastKnownFileType = folder.assetcatalog; path = "Preview Assets.xcassets"; sourceTree = "<group>"; };
		A14FEBA9294ACD95001FE5C1 /* Moody.entitlements */ = {isa = PBXFileReference; lastKnownFileType = text.plist.entitlements; path = Moody.entitlements; sourceTree = "<group>"; };
		A14FEBAA294ACE2C001FE5C1 /* GoogleService-Info.plist */ = {isa = PBXFileReference; fileEncoding = 4; lastKnownFileType = text.plist.xml; path = "GoogleService-Info.plist"; sourceTree = "<group>"; };
		A14FEBAF294AD34C001FE5C1 /* AuthCryptoService.swift */ = {isa = PBXFileReference; lastKnownFileType = sourcecode.swift; path = AuthCryptoService.swift; sourceTree = "<group>"; };
		A156077129425BBF006CE0AA /* CustomInput.swift */ = {isa = PBXFileReference; lastKnownFileType = sourcecode.swift; path = CustomInput.swift; sourceTree = "<group>"; };
		A159EA1C29A08864005D6A59 /* Routes.swift */ = {isa = PBXFileReference; lastKnownFileType = sourcecode.swift; path = Routes.swift; sourceTree = "<group>"; };
		A159EA1F29A08A55005D6A59 /* Router.swift */ = {isa = PBXFileReference; lastKnownFileType = sourcecode.swift; path = Router.swift; sourceTree = "<group>"; };
		A1654BF92944E8180074F349 /* CustomButton.swift */ = {isa = PBXFileReference; lastKnownFileType = sourcecode.swift; path = CustomButton.swift; sourceTree = "<group>"; };
		A16B06C329500BA100958A95 /* SignupView.swift */ = {isa = PBXFileReference; lastKnownFileType = sourcecode.swift; path = SignupView.swift; sourceTree = "<group>"; };
		A16B06C529500C0A00958A95 /* SignupViewViewModel.swift */ = {isa = PBXFileReference; lastKnownFileType = sourcecode.swift; path = SignupViewViewModel.swift; sourceTree = "<group>"; };
		A1C062CF294E503B008530B2 /* Splashscreen.swift */ = {isa = PBXFileReference; lastKnownFileType = sourcecode.swift; path = Splashscreen.swift; sourceTree = "<group>"; };
		A1D368012940D42100403D0C /* HomeView.swift */ = {isa = PBXFileReference; lastKnownFileType = sourcecode.swift; path = HomeView.swift; sourceTree = "<group>"; };
		A1D368032940D42F00403D0C /* LoginView.swift */ = {isa = PBXFileReference; lastKnownFileType = sourcecode.swift; path = LoginView.swift; sourceTree = "<group>"; };
		A1D368052940D7A100403D0C /* LaunchScreen.storyboard */ = {isa = PBXFileReference; lastKnownFileType = file.storyboard; path = LaunchScreen.storyboard; sourceTree = "<group>"; };
		A1D3680B2940E6B300403D0C /* Color.swift */ = {isa = PBXFileReference; lastKnownFileType = sourcecode.swift; path = Color.swift; sourceTree = "<group>"; };
		A1D3680D2940E6F700403D0C /* ContentView.swift */ = {isa = PBXFileReference; lastKnownFileType = sourcecode.swift; path = ContentView.swift; sourceTree = "<group>"; };
		A1EE2CC329494E61009C0E78 /* Info.plist */ = {isa = PBXFileReference; lastKnownFileType = text.plist; path = Info.plist; sourceTree = "<group>"; };
		A1EE2CC4294950F0009C0E78 /* Header.swift */ = {isa = PBXFileReference; lastKnownFileType = sourcecode.swift; path = Header.swift; sourceTree = "<group>"; };
/* End PBXFileReference section */

/* Begin PBXFrameworksBuildPhase section */
		A1228245293C3DA600F71513 /* Frameworks */ = {
			isa = PBXFrameworksBuildPhase;
			buildActionMask = 2147483647;
			files = (
				A118F13D2949728400FF5C11 /* GoogleSignInSwift in Frameworks */,
				A118F1382949710A00FF5C11 /* FirebaseAuth in Frameworks */,
				A118F13B2949728400FF5C11 /* GoogleSignIn in Frameworks */,
			);
			runOnlyForDeploymentPostprocessing = 0;
		};
/* End PBXFrameworksBuildPhase section */

/* Begin PBXGroup section */
		A11B85C72947BE1D00EA4225 /* Services */ = {
			isa = PBXGroup;
			children = (
				A159EA1E29A08A26005D6A59 /* Router */,
				A14FEBAE294AD2D5001FE5C1 /* Auth */,
			);
			path = Services;
			sourceTree = "<group>";
		};
		A11B85CA2947C1AD00EA4225 /* Models */ = {
			isa = PBXGroup;
			children = (
				A11B85CB2947C1CC00EA4225 /* UserProfile.swift */,
				A159EA1C29A08864005D6A59 /* Routes.swift */,
			);
			path = Models;
			sourceTree = "<group>";
		};
		A11B85CD2947C57C00EA4225 /* Login */ = {
			isa = PBXGroup;
			children = (
				A1D368032940D42F00403D0C /* LoginView.swift */,
				A11B85CE2947C58F00EA4225 /* LoginViewViewModel.swift */,
			);
			path = Login;
			sourceTree = "<group>";
		};
		A11B85D02947D0FC00EA4225 /* Home */ = {
			isa = PBXGroup;
			children = (
				A1D368012940D42100403D0C /* HomeView.swift */,
			);
			path = Home;
			sourceTree = "<group>";
		};
		A122823F293C3DA600F71513 = {
			isa = PBXGroup;
			children = (
				A122824A293C3DA600F71513 /* Moody */,
				A1228249293C3DA600F71513 /* Products */,
			);
			sourceTree = "<group>";
		};
		A1228249293C3DA600F71513 /* Products */ = {
			isa = PBXGroup;
			children = (
				A1228248293C3DA600F71513 /* Moody.app */,
			);
			name = Products;
			sourceTree = "<group>";
		};
		A122824A293C3DA600F71513 /* Moody */ = {
			isa = PBXGroup;
			children = (
				A1D3680A2940E6A100403D0C /* Extensions */,
				A11B85CA2947C1AD00EA4225 /* Models */,
				A11B85C72947BE1D00EA4225 /* Services */,
				A1D368072940E35900403D0C /* Store */,
				A1D367FE2940D30700403D0C /* Views */,
				A1D3680D2940E6F700403D0C /* ContentView.swift */,
				A122824B293C3DA600F71513 /* MoodyApp.swift */,
				A122824F293C3DA700F71513 /* Assets.xcassets */,
				A1D368052940D7A100403D0C /* LaunchScreen.storyboard */,
				A14FEBAA294ACE2C001FE5C1 /* GoogleService-Info.plist */,
				A14FEBA9294ACD95001FE5C1 /* Moody.entitlements */,
				A1EE2CC329494E61009C0E78 /* Info.plist */,
				A1228251293C3DA700F71513 /* Preview Content */,
			);
			path = Moody;
			sourceTree = "<group>";
		};
		A1228251293C3DA700F71513 /* Preview Content */ = {
			isa = PBXGroup;
			children = (
				A1228252293C3DA700F71513 /* Preview Assets.xcassets */,
			);
			path = "Preview Content";
			sourceTree = "<group>";
		};
		A14FEBAE294AD2D5001FE5C1 /* Auth */ = {
			isa = PBXGroup;
			children = (
				A14FEBAF294AD34C001FE5C1 /* AuthCryptoService.swift */,
			);
			path = Auth;
			sourceTree = "<group>";
		};
		A159EA1E29A08A26005D6A59 /* Router */ = {
			isa = PBXGroup;
			children = (
				A159EA1F29A08A55005D6A59 /* Router.swift */,
			);
			path = Router;
			sourceTree = "<group>";
		};
		A16B06C229500B9800958A95 /* Signup */ = {
			isa = PBXGroup;
			children = (
				A16B06C329500BA100958A95 /* SignupView.swift */,
				A16B06C529500C0A00958A95 /* SignupViewViewModel.swift */,
			);
			path = Signup;
			sourceTree = "<group>";
		};
		A1C062CE294E5030008530B2 /* Splashscreen */ = {
			isa = PBXGroup;
			children = (
				A1C062CF294E503B008530B2 /* Splashscreen.swift */,
			);
			path = Splashscreen;
			sourceTree = "<group>";
		};
		A1D367FE2940D30700403D0C /* Views */ = {
			isa = PBXGroup;
			children = (
				A1D368002940D3F600403D0C /* Components */,
				A1D367FF2940D3F100403D0C /* Screens */,
			);
			path = Views;
			sourceTree = "<group>";
		};
		A1D367FF2940D3F100403D0C /* Screens */ = {
			isa = PBXGroup;
			children = (
				A16B06C229500B9800958A95 /* Signup */,
				A1C062CE294E5030008530B2 /* Splashscreen */,
				A11B85D02947D0FC00EA4225 /* Home */,
				A11B85CD2947C57C00EA4225 /* Login */,
			);
			path = Screens;
			sourceTree = "<group>";
		};
		A1D368002940D3F600403D0C /* Components */ = {
			isa = PBXGroup;
			children = (
				A156077129425BBF006CE0AA /* CustomInput.swift */,
				A1EE2CC4294950F0009C0E78 /* Header.swift */,
				A1654BF92944E8180074F349 /* CustomButton.swift */,
			);
			path = Components;
			sourceTree = "<group>";
		};
		A1D368072940E35900403D0C /* Store */ = {
			isa = PBXGroup;
			children = (
				A11B85C82947BE2D00EA4225 /* AuthStore.swift */,
			);
			path = Store;
			sourceTree = "<group>";
		};
		A1D3680A2940E6A100403D0C /* Extensions */ = {
			isa = PBXGroup;
			children = (
				A1D3680B2940E6B300403D0C /* Color.swift */,
			);
			path = Extensions;
			sourceTree = "<group>";
		};
/* End PBXGroup section */

/* Begin PBXNativeTarget section */
		A1228247293C3DA600F71513 /* Moody */ = {
			isa = PBXNativeTarget;
			buildConfigurationList = A1228256293C3DA700F71513 /* Build configuration list for PBXNativeTarget "Moody" */;
			buildPhases = (
				A1228244293C3DA600F71513 /* Sources */,
				A1228245293C3DA600F71513 /* Frameworks */,
				A1228246293C3DA600F71513 /* Resources */,
			);
			buildRules = (
			);
			dependencies = (
			);
			name = Moody;
			packageProductDependencies = (
				A118F1372949710A00FF5C11 /* FirebaseAuth */,
				A118F13A2949728400FF5C11 /* GoogleSignIn */,
				A118F13C2949728400FF5C11 /* GoogleSignInSwift */,
			);
			productName = Moody;
			productReference = A1228248293C3DA600F71513 /* Moody.app */;
			productType = "com.apple.product-type.application";
		};
/* End PBXNativeTarget section */

/* Begin PBXProject section */
		A1228240293C3DA600F71513 /* Project object */ = {
			isa = PBXProject;
			attributes = {
				BuildIndependentTargetsInParallel = 1;
				LastSwiftUpdateCheck = 1400;
				LastUpgradeCheck = 1400;
				TargetAttributes = {
					A1228247293C3DA600F71513 = {
						CreatedOnToolsVersion = 14.0;
					};
				};
			};
			buildConfigurationList = A1228243293C3DA600F71513 /* Build configuration list for PBXProject "Moody" */;
			compatibilityVersion = "Xcode 14.0";
			developmentRegion = en;
			hasScannedForEncodings = 0;
			knownRegions = (
				en,
				Base,
			);
			mainGroup = A122823F293C3DA600F71513;
			packageReferences = (
				A118F1362949710A00FF5C11 /* XCRemoteSwiftPackageReference "firebase-ios-sdk" */,
				A118F1392949728400FF5C11 /* XCRemoteSwiftPackageReference "GoogleSignIn-iOS" */,
			);
			productRefGroup = A1228249293C3DA600F71513 /* Products */;
			projectDirPath = "";
			projectRoot = "";
			targets = (
				A1228247293C3DA600F71513 /* Moody */,
			);
		};
/* End PBXProject section */

/* Begin PBXResourcesBuildPhase section */
		A1228246293C3DA600F71513 /* Resources */ = {
			isa = PBXResourcesBuildPhase;
			buildActionMask = 2147483647;
			files = (
				A14FEBAB294ACE2D001FE5C1 /* GoogleService-Info.plist in Resources */,
				A1D368062940D7A100403D0C /* LaunchScreen.storyboard in Resources */,
				A1228253293C3DA700F71513 /* Preview Assets.xcassets in Resources */,
				A1228250293C3DA700F71513 /* Assets.xcassets in Resources */,
			);
			runOnlyForDeploymentPostprocessing = 0;
		};
/* End PBXResourcesBuildPhase section */

/* Begin PBXSourcesBuildPhase section */
		A1228244293C3DA600F71513 /* Sources */ = {
			isa = PBXSourcesBuildPhase;
			buildActionMask = 2147483647;
			files = (
				A16B06C629500C0A00958A95 /* SignupViewViewModel.swift in Sources */,
				A16B06C429500BA100958A95 /* SignupView.swift in Sources */,
				A1C062D0294E503B008530B2 /* Splashscreen.swift in Sources */,
				A11B85CF2947C58F00EA4225 /* LoginViewViewModel.swift in Sources */,
				A156077229425BBF006CE0AA /* CustomInput.swift in Sources */,
				A1D368022940D42100403D0C /* HomeView.swift in Sources */,
				A11B85CC2947C1CC00EA4225 /* UserProfile.swift in Sources */,
				A1EE2CC5294950F0009C0E78 /* Header.swift in Sources */,
				A1D368042940D42F00403D0C /* LoginView.swift in Sources */,
				A159EA1D29A08864005D6A59 /* Routes.swift in Sources */,
				A159EA2029A08A55005D6A59 /* Router.swift in Sources */,
				A11B85C92947BE2D00EA4225 /* AuthStore.swift in Sources */,
				A1D3680E2940E6F700403D0C /* ContentView.swift in Sources */,
				A1654BFA2944E8180074F349 /* CustomButton.swift in Sources */,
				A1D3680C2940E6B300403D0C /* Color.swift in Sources */,
				A14FEBB0294AD34C001FE5C1 /* AuthCryptoService.swift in Sources */,
				A122824C293C3DA600F71513 /* MoodyApp.swift in Sources */,
			);
			runOnlyForDeploymentPostprocessing = 0;
		};
/* End PBXSourcesBuildPhase section */

/* Begin XCBuildConfiguration section */
		A1228254293C3DA700F71513 /* Debug */ = {
			isa = XCBuildConfiguration;
			buildSettings = {
				ALWAYS_SEARCH_USER_PATHS = NO;
				CLANG_ANALYZER_NONNULL = YES;
				CLANG_ANALYZER_NUMBER_OBJECT_CONVERSION = YES_AGGRESSIVE;
				CLANG_CXX_LANGUAGE_STANDARD = "gnu++20";
				CLANG_ENABLE_MODULES = YES;
				CLANG_ENABLE_OBJC_ARC = YES;
				CLANG_ENABLE_OBJC_WEAK = YES;
				CLANG_WARN_BLOCK_CAPTURE_AUTORELEASING = YES;
				CLANG_WARN_BOOL_CONVERSION = YES;
				CLANG_WARN_COMMA = YES;
				CLANG_WARN_CONSTANT_CONVERSION = YES;
				CLANG_WARN_DEPRECATED_OBJC_IMPLEMENTATIONS = YES;
				CLANG_WARN_DIRECT_OBJC_ISA_USAGE = YES_ERROR;
				CLANG_WARN_DOCUMENTATION_COMMENTS = YES;
				CLANG_WARN_EMPTY_BODY = YES;
				CLANG_WARN_ENUM_CONVERSION = YES;
				CLANG_WARN_INFINITE_RECURSION = YES;
				CLANG_WARN_INT_CONVERSION = YES;
				CLANG_WARN_NON_LITERAL_NULL_CONVERSION = YES;
				CLANG_WARN_OBJC_IMPLICIT_RETAIN_SELF = YES;
				CLANG_WARN_OBJC_LITERAL_CONVERSION = YES;
				CLANG_WARN_OBJC_ROOT_CLASS = YES_ERROR;
				CLANG_WARN_QUOTED_INCLUDE_IN_FRAMEWORK_HEADER = YES;
				CLANG_WARN_RANGE_LOOP_ANALYSIS = YES;
				CLANG_WARN_STRICT_PROTOTYPES = YES;
				CLANG_WARN_SUSPICIOUS_MOVE = YES;
				CLANG_WARN_UNGUARDED_AVAILABILITY = YES_AGGRESSIVE;
				CLANG_WARN_UNREACHABLE_CODE = YES;
				CLANG_WARN__DUPLICATE_METHOD_MATCH = YES;
				COPY_PHASE_STRIP = NO;
				DEBUG_INFORMATION_FORMAT = dwarf;
				ENABLE_STRICT_OBJC_MSGSEND = YES;
				ENABLE_TESTABILITY = YES;
				GCC_C_LANGUAGE_STANDARD = gnu11;
				GCC_DYNAMIC_NO_PIC = NO;
				GCC_NO_COMMON_BLOCKS = YES;
				GCC_OPTIMIZATION_LEVEL = 0;
				GCC_PREPROCESSOR_DEFINITIONS = (
					"DEBUG=1",
					"$(inherited)",
				);
				GCC_WARN_64_TO_32_BIT_CONVERSION = YES;
				GCC_WARN_ABOUT_RETURN_TYPE = YES_ERROR;
				GCC_WARN_UNDECLARED_SELECTOR = YES;
				GCC_WARN_UNINITIALIZED_AUTOS = YES_AGGRESSIVE;
				GCC_WARN_UNUSED_FUNCTION = YES;
				GCC_WARN_UNUSED_VARIABLE = YES;
				IPHONEOS_DEPLOYMENT_TARGET = 16.0;
				MTL_ENABLE_DEBUG_INFO = INCLUDE_SOURCE;
				MTL_FAST_MATH = YES;
				ONLY_ACTIVE_ARCH = YES;
				SDKROOT = iphoneos;
				SWIFT_ACTIVE_COMPILATION_CONDITIONS = DEBUG;
				SWIFT_OPTIMIZATION_LEVEL = "-Onone";
			};
			name = Debug;
		};
		A1228255293C3DA700F71513 /* Release */ = {
			isa = XCBuildConfiguration;
			buildSettings = {
				ALWAYS_SEARCH_USER_PATHS = NO;
				CLANG_ANALYZER_NONNULL = YES;
				CLANG_ANALYZER_NUMBER_OBJECT_CONVERSION = YES_AGGRESSIVE;
				CLANG_CXX_LANGUAGE_STANDARD = "gnu++20";
				CLANG_ENABLE_MODULES = YES;
				CLANG_ENABLE_OBJC_ARC = YES;
				CLANG_ENABLE_OBJC_WEAK = YES;
				CLANG_WARN_BLOCK_CAPTURE_AUTORELEASING = YES;
				CLANG_WARN_BOOL_CONVERSION = YES;
				CLANG_WARN_COMMA = YES;
				CLANG_WARN_CONSTANT_CONVERSION = YES;
				CLANG_WARN_DEPRECATED_OBJC_IMPLEMENTATIONS = YES;
				CLANG_WARN_DIRECT_OBJC_ISA_USAGE = YES_ERROR;
				CLANG_WARN_DOCUMENTATION_COMMENTS = YES;
				CLANG_WARN_EMPTY_BODY = YES;
				CLANG_WARN_ENUM_CONVERSION = YES;
				CLANG_WARN_INFINITE_RECURSION = YES;
				CLANG_WARN_INT_CONVERSION = YES;
				CLANG_WARN_NON_LITERAL_NULL_CONVERSION = YES;
				CLANG_WARN_OBJC_IMPLICIT_RETAIN_SELF = YES;
				CLANG_WARN_OBJC_LITERAL_CONVERSION = YES;
				CLANG_WARN_OBJC_ROOT_CLASS = YES_ERROR;
				CLANG_WARN_QUOTED_INCLUDE_IN_FRAMEWORK_HEADER = YES;
				CLANG_WARN_RANGE_LOOP_ANALYSIS = YES;
				CLANG_WARN_STRICT_PROTOTYPES = YES;
				CLANG_WARN_SUSPICIOUS_MOVE = YES;
				CLANG_WARN_UNGUARDED_AVAILABILITY = YES_AGGRESSIVE;
				CLANG_WARN_UNREACHABLE_CODE = YES;
				CLANG_WARN__DUPLICATE_METHOD_MATCH = YES;
				COPY_PHASE_STRIP = NO;
				DEBUG_INFORMATION_FORMAT = "dwarf-with-dsym";
				ENABLE_NS_ASSERTIONS = NO;
				ENABLE_STRICT_OBJC_MSGSEND = YES;
				GCC_C_LANGUAGE_STANDARD = gnu11;
				GCC_NO_COMMON_BLOCKS = YES;
				GCC_WARN_64_TO_32_BIT_CONVERSION = YES;
				GCC_WARN_ABOUT_RETURN_TYPE = YES_ERROR;
				GCC_WARN_UNDECLARED_SELECTOR = YES;
				GCC_WARN_UNINITIALIZED_AUTOS = YES_AGGRESSIVE;
				GCC_WARN_UNUSED_FUNCTION = YES;
				GCC_WARN_UNUSED_VARIABLE = YES;
				IPHONEOS_DEPLOYMENT_TARGET = 16.0;
				MTL_ENABLE_DEBUG_INFO = NO;
				MTL_FAST_MATH = YES;
				SDKROOT = iphoneos;
				SWIFT_COMPILATION_MODE = wholemodule;
				SWIFT_OPTIMIZATION_LEVEL = "-O";
				VALIDATE_PRODUCT = YES;
			};
			name = Release;
		};
		A1228257293C3DA700F71513 /* Debug */ = {
			isa = XCBuildConfiguration;
			buildSettings = {
				ASSETCATALOG_COMPILER_APPICON_NAME = AppIcon;
				ASSETCATALOG_COMPILER_GLOBAL_ACCENT_COLOR_NAME = AccentColor;
				CODE_SIGN_ENTITLEMENTS = Moody/Moody.entitlements;
				CODE_SIGN_STYLE = Automatic;
				CURRENT_PROJECT_VERSION = 1;
				DEVELOPMENT_ASSET_PATHS = "\"Moody/Preview Content\"";
				DEVELOPMENT_TEAM = JF8DW7C5A2;
				ENABLE_PREVIEWS = YES;
				GENERATE_INFOPLIST_FILE = YES;
				INFOPLIST_FILE = Moody/Info.plist;
				INFOPLIST_KEY_LSApplicationCategoryType = "";
				INFOPLIST_KEY_UIApplicationSceneManifest_Generation = YES;
				INFOPLIST_KEY_UIApplicationSupportsIndirectInputEvents = YES;
				INFOPLIST_KEY_UILaunchScreen_Generation = YES;
				INFOPLIST_KEY_UILaunchStoryboardName = LaunchScreen.storyboard;
				INFOPLIST_KEY_UIStatusBarHidden = NO;
				INFOPLIST_KEY_UIStatusBarStyle = UIStatusBarStyleLightContent;
				INFOPLIST_KEY_UISupportedInterfaceOrientations = UIInterfaceOrientationPortrait;
				INFOPLIST_KEY_UISupportedInterfaceOrientations_iPad = "UIInterfaceOrientationLandscapeLeft UIInterfaceOrientationLandscapeRight UIInterfaceOrientationPortrait UIInterfaceOrientationPortraitUpsideDown";
				LD_RUNPATH_SEARCH_PATHS = (
					"$(inherited)",
					"@executable_path/Frameworks",
				);
				MARKETING_VERSION = 1.0;
				PRODUCT_BUNDLE_IDENTIFIER = com.ouwargui.MoodyUI;
				PRODUCT_NAME = "$(TARGET_NAME)";
				SUPPORTED_PLATFORMS = "iphoneos iphonesimulator";
				SUPPORTS_MACCATALYST = NO;
				SUPPORTS_MAC_DESIGNED_FOR_IPHONE_IPAD = NO;
				SWIFT_EMIT_LOC_STRINGS = YES;
				SWIFT_VERSION = 5.0;
				TARGETED_DEVICE_FAMILY = 1;
			};
			name = Debug;
		};
		A1228258293C3DA700F71513 /* Release */ = {
			isa = XCBuildConfiguration;
			buildSettings = {
				ASSETCATALOG_COMPILER_APPICON_NAME = AppIcon;
				ASSETCATALOG_COMPILER_GLOBAL_ACCENT_COLOR_NAME = AccentColor;
				CODE_SIGN_ENTITLEMENTS = Moody/Moody.entitlements;
				CODE_SIGN_STYLE = Automatic;
				CURRENT_PROJECT_VERSION = 1;
				DEVELOPMENT_ASSET_PATHS = "\"Moody/Preview Content\"";
				DEVELOPMENT_TEAM = JF8DW7C5A2;
				ENABLE_PREVIEWS = YES;
				GENERATE_INFOPLIST_FILE = YES;
				INFOPLIST_FILE = Moody/Info.plist;
				INFOPLIST_KEY_LSApplicationCategoryType = "";
				INFOPLIST_KEY_UIApplicationSceneManifest_Generation = YES;
				INFOPLIST_KEY_UIApplicationSupportsIndirectInputEvents = YES;
				INFOPLIST_KEY_UILaunchScreen_Generation = YES;
				INFOPLIST_KEY_UILaunchStoryboardName = LaunchScreen.storyboard;
				INFOPLIST_KEY_UIStatusBarHidden = NO;
				INFOPLIST_KEY_UIStatusBarStyle = UIStatusBarStyleLightContent;
				INFOPLIST_KEY_UISupportedInterfaceOrientations = UIInterfaceOrientationPortrait;
				INFOPLIST_KEY_UISupportedInterfaceOrientations_iPad = "UIInterfaceOrientationLandscapeLeft UIInterfaceOrientationLandscapeRight UIInterfaceOrientationPortrait UIInterfaceOrientationPortraitUpsideDown";
				LD_RUNPATH_SEARCH_PATHS = (
					"$(inherited)",
					"@executable_path/Frameworks",
				);
				MARKETING_VERSION = 1.0;
				PRODUCT_BUNDLE_IDENTIFIER = com.ouwargui.MoodyUI;
				PRODUCT_NAME = "$(TARGET_NAME)";
				SUPPORTED_PLATFORMS = "iphoneos iphonesimulator";
				SUPPORTS_MACCATALYST = NO;
				SUPPORTS_MAC_DESIGNED_FOR_IPHONE_IPAD = NO;
				SWIFT_EMIT_LOC_STRINGS = YES;
				SWIFT_VERSION = 5.0;
				TARGETED_DEVICE_FAMILY = 1;
			};
			name = Release;
		};
/* End XCBuildConfiguration section */

/* Begin XCConfigurationList section */
		A1228243293C3DA600F71513 /* Build configuration list for PBXProject "Moody" */ = {
			isa = XCConfigurationList;
			buildConfigurations = (
				A1228254293C3DA700F71513 /* Debug */,
				A1228255293C3DA700F71513 /* Release */,
			);
			defaultConfigurationIsVisible = 0;
			defaultConfigurationName = Release;
		};
		A1228256293C3DA700F71513 /* Build configuration list for PBXNativeTarget "Moody" */ = {
			isa = XCConfigurationList;
			buildConfigurations = (
				A1228257293C3DA700F71513 /* Debug */,
				A1228258293C3DA700F71513 /* Release */,
			);
			defaultConfigurationIsVisible = 0;
			defaultConfigurationName = Release;
		};
/* End XCConfigurationList section */

/* Begin XCRemoteSwiftPackageReference section */
		A118F1362949710A00FF5C11 /* XCRemoteSwiftPackageReference "firebase-ios-sdk" */ = {
			isa = XCRemoteSwiftPackageReference;
			repositoryURL = "https://github.com/firebase/firebase-ios-sdk";
			requirement = {
				kind = upToNextMajorVersion;
				minimumVersion = 9.0.0;
			};
		};
		A118F1392949728400FF5C11 /* XCRemoteSwiftPackageReference "GoogleSignIn-iOS" */ = {
			isa = XCRemoteSwiftPackageReference;
			repositoryURL = "https://github.com/google/GoogleSignIn-iOS";
			requirement = {
				kind = upToNextMajorVersion;
				minimumVersion = 7.0.0;
			};
		};
/* End XCRemoteSwiftPackageReference section */

/* Begin XCSwiftPackageProductDependency section */
		A118F1372949710A00FF5C11 /* FirebaseAuth */ = {
			isa = XCSwiftPackageProductDependency;
			package = A118F1362949710A00FF5C11 /* XCRemoteSwiftPackageReference "firebase-ios-sdk" */;
			productName = FirebaseAuth;
		};
		A118F13A2949728400FF5C11 /* GoogleSignIn */ = {
			isa = XCSwiftPackageProductDependency;
			package = A118F1392949728400FF5C11 /* XCRemoteSwiftPackageReference "GoogleSignIn-iOS" */;
			productName = GoogleSignIn;
		};
		A118F13C2949728400FF5C11 /* GoogleSignInSwift */ = {
			isa = XCSwiftPackageProductDependency;
			package = A118F1392949728400FF5C11 /* XCRemoteSwiftPackageReference "GoogleSignIn-iOS" */;
			productName = GoogleSignInSwift;
		};
/* End XCSwiftPackageProductDependency section */
	};
	rootObject = A1228240293C3DA600F71513 /* Project object */;
}
